{
    "name": "tournament-app",
    "lockfileVersion": 3,
    "requires": true,
    "packages": {
        "": {
            "name": "tournament-app",
            "devDependencies": {
                "@vitejs/plugin-vue": "^5.0.0",
                "axios": "^1.6.4",
                "laravel-vite-plugin": "^1.0",
                "vite": "^5.0",
                "vue": "^3.4.0"
            },
            "dependencies": {
                "@laravel/reverb": "^1.0",
                "laravel-echo": "^1.16.0",
                "pusher-js": "^8.4.0-rc2"
            }
        },
        "node_modules/@vitejs/plugin-vue": {
            "version": "5.0.4",
            "resolved": "https://registry.npmjs.org/@vitejs/plugin-vue/-/plugin-vue-5.0.4.tgz",
            "dev": true,
            "engines": {
                "node": "^18.0.0 || >=20.0.0"
            },
            "peerDependencies": {
                "vite": "^5.0.0",
                "vue": "^3.2.25"
            }
        },
        "node_modules/axios": {
            "version": "1.6.7",
            "resolved": "https://registry.npmjs.org/axios/-/axios-1.6.7.tgz",
            "dev": true
        },
        "node_modules/laravel-vite-plugin": {
            "version": "1.0.2",
            "resolved": "https://registry.npmjs.org/laravel-vite-plugin/-/laravel-vite-plugin-1.0.2.tgz",
            "dev": true,
            "engines": {
                "node": ">=18"
            },
            "peerDependencies": {
                "vite": "^5.0.0"
            }
        },
        "node_modules/vite": {
            "version": "5.1.4",
            "resolved": "https://registry.npmjs.org/vite/-/vite-5.1.4.tgz",
            "dev": true,
            "engines": {
                "node": "^18.0.0 || >=20.0.0"
            }
        },
        "node_modules/vue": {
            "version": "3.4.21",
            "resolved": "https://registry.npmjs.org/vue/-/vue-3.4.21.tgz",
            "dev": true,
            "engines": {
                "node": ">=18.12.0"
            }
        },
        "node_modules/@laravel/reverb": {
            "version": "1.0.0",
            "resolved": "https://registry.npmjs.org/@laravel/reverb/-/reverb-1.0.0.tgz"
        },
        "node_modules/laravel-echo": {
            "version": "1.16.1",
            "resolved": "https://registry.npmjs.org/laravel-echo/-/laravel-echo-1.16.1.tgz"
        },
        "node_modules/pusher-js": {
            "version": "8.4.0-rc2",
            "resolved": "https://registry.npmjs.org/pusher-js/-/pusher-js-8.4.0-rc2.tgz"
        }
    }
}
